
Microsoft Visual Studio Solution File, Format Version 12.00
# Visual Studio Version 17
VisualStudioVersion = 17.5.002.0
MinimumVisualStudioVersion = 10.0.40219.1
Project("{9A19103F-16F7-4668-BE54-9A1E7A4F7556}") = "InvestimentApp", "InvestimentApp.csproj", "{9E03CF9A-8C81-4D6D-94CD-4672A3A67680}"
EndProject
Global
	GlobalSection(SolutionConfigurationPlatforms) = preSolution
		Debug|Any CPU = Debug|Any CPU
		Release|Any CPU = Release|Any CPU
	EndGlobalSection
	GlobalSection(ProjectConfigurationPlatforms) = postSolution
		{9E03CF9A-8C81-4D6D-94CD-4672A3A67680}.Debug|Any CPU.ActiveCfg = Debug|Any CPU
		{9E03CF9A-8C81-4D6D-94CD-4672A3A67680}.Debug|Any CPU.Build.0 = Debug|Any CPU
		{9E03CF9A-8C81-4D6D-94CD-4672A3A67680}.Release|Any CPU.ActiveCfg = Release|Any CPU
		{9E03CF9A-8C81-4D6D-94CD-4672A3A67680}.Release|Any CPU.Build.0 = Release|Any CPU
	EndGlobalSection
	GlobalSection(SolutionProperties) = preSolution
		HideSolutionNode = FALSE
	EndGlobalSection
	GlobalSection(ExtensibilityGlobals) = postSolution
		SolutionGuid = {E6E24583-2D1B-4979-BEBA-1879D51D2273}
	EndGlobalSection
EndGlobal
